
Microsoft Visual Studio Solution File, Format Version 12.00
# Visual Studio Version 17
VisualStudioVersion = 17.14.36212.18 d17.14
MinimumVisualStudioVersion = 10.0.40219.1
Project("{54A90642-561A-4BB1-A94E-469ADEE60C69}") = "flood-assessment.client", "flood-assessment.client\flood-assessment.client.esproj", "{2AC1A885-6F42-4BD5-DB49-5BCD7CE07609}"
EndProject
Project("{FAE04EC0-301F-11D3-BF4B-00C04F79EFBC}") = "Flood-Assessment.Server", "Flood-Assessment.Server\Flood-Assessment.Server.csproj", "{F208989B-C3AC-44BA-A12D-ABC115AC128C}"
EndProject
Global
	GlobalSection(SolutionConfigurationPlatforms) = preSolution
		Debug|Any CPU = Debug|Any CPU
		Release|Any CPU = Release|Any CPU
	EndGlobalSection
	GlobalSection(ProjectConfigurationPlatforms) = postSolution
		{2AC1A885-6F42-4BD5-DB49-5BCD7CE07609}.Debug|Any CPU.ActiveCfg = Debug|Any CPU
		{2AC1A885-6F42-4BD5-DB49-5BCD7CE07609}.Debug|Any CPU.Build.0 = Debug|Any CPU
		{2AC1A885-6F42-4BD5-DB49-5BCD7CE07609}.Debug|Any CPU.Deploy.0 = Debug|Any CPU
		{2AC1A885-6F42-4BD5-DB49-5BCD7CE07609}.Release|Any CPU.ActiveCfg = Release|Any CPU
		{2AC1A885-6F42-4BD5-DB49-5BCD7CE07609}.Release|Any CPU.Build.0 = Release|Any CPU
		{2AC1A885-6F42-4BD5-DB49-5BCD7CE07609}.Release|Any CPU.Deploy.0 = Release|Any CPU
		{F208989B-C3AC-44BA-A12D-ABC115AC128C}.Debug|Any CPU.ActiveCfg = Debug|Any CPU
		{F208989B-C3AC-44BA-A12D-ABC115AC128C}.Debug|Any CPU.Build.0 = Debug|Any CPU
		{F208989B-C3AC-44BA-A12D-ABC115AC128C}.Release|Any CPU.ActiveCfg = Release|Any CPU
		{F208989B-C3AC-44BA-A12D-ABC115AC128C}.Release|Any CPU.Build.0 = Release|Any CPU
	EndGlobalSection
	GlobalSection(SolutionProperties) = preSolution
		HideSolutionNode = FALSE
	EndGlobalSection
	GlobalSection(ExtensibilityGlobals) = postSolution
		SolutionGuid = {2E3DB60A-59F1-4BFC-939F-84C8B4923E04}
	EndGlobalSection
EndGlobal
